
Microsoft Visual Studio Solution File, Format Version 12.00
# Visual Studio Version 16
VisualStudioVersion = 16.0.31205.134
MinimumVisualStudioVersion = 10.0.40219.1
Project("{2150E333-8FDC-42A3-9474-1A3956D46DE8}") = "1.Layers", "1.Layers", "{E7A522F5-E435-4A5E-8BD5-8E06938DFC64}"
EndProject
Project("{2150E333-8FDC-42A3-9474-1A3956D46DE8}") = "1.1-Presentaion", "1.1-Presentaion", "{DB6D2E1A-FC28-4A12-8855-8DDEB7CFAAAB}"
EndProject
Project("{2150E333-8FDC-42A3-9474-1A3956D46DE8}") = "1.2-DistributedServices", "1.2-DistributedServices", "{63D434F1-216F-4BF0-842F-5E8132D51133}"
EndProject
Project("{2150E333-8FDC-42A3-9474-1A3956D46DE8}") = "1.3-Application", "1.3-Application", "{9D76F4D7-2497-482D-BE31-B4C353F4681B}"
EndProject
Project("{2150E333-8FDC-42A3-9474-1A3956D46DE8}") = "1.4-Domain", "1.4-Domain", "{941FB170-20E2-4E7D-85AB-4228504E1ECB}"
EndProject
Project("{2150E333-8FDC-42A3-9474-1A3956D46DE8}") = "1.5-Infrastructure", "1.5-Infrastructure", "{BB07F59D-C23B-4031-9D13-609F4EF7CB40}"
EndProject
Project("{2150E333-8FDC-42A3-9474-1A3956D46DE8}") = "1.3.1-Seedwork", "1.3.1-Seedwork", "{40197613-D80F-4394-868A-D8AE4FEEFE78}"
EndProject
Project("{2150E333-8FDC-42A3-9474-1A3956D46DE8}") = "1.3.2-Main", "1.3.2-Main", "{CCFF674A-AE51-45EA-A0BB-DC0C20BCB25A}"
EndProject
Project("{2150E333-8FDC-42A3-9474-1A3956D46DE8}") = "1.4.1-Seedwork", "1.4.1-Seedwork", "{CC6B3D6A-6613-4845-AE4F-0B436380DC5A}"
EndProject
Project("{2150E333-8FDC-42A3-9474-1A3956D46DE8}") = "1.4.2-Main", "1.4.2-Main", "{723A7544-0ACC-4859-BA9A-CE4BF8732720}"
EndProject
Project("{2150E333-8FDC-42A3-9474-1A3956D46DE8}") = "1.5.1-Data", "1.5.1-Data", "{6FF3EECE-CE29-4CF9-B6DF-9F5AED08F1AB}"
EndProject
Project("{2150E333-8FDC-42A3-9474-1A3956D46DE8}") = "1.5.2-Seedwork", "1.5.2-Seedwork", "{2EB73093-55AA-401B-8DB5-4CE1A8C1F002}"
EndProject
Project("{9A19103F-16F7-4668-BE54-9A1E7A4F7556}") = "Infrastructure.Data.Main", "Infrastructure.Data.Main\Infrastructure.Data.Main.csproj", "{D87E98F8-8BB6-4F5D-AED3-A41DBA22AAB1}"
EndProject
Project("{9A19103F-16F7-4668-BE54-9A1E7A4F7556}") = "Domain.Main", "Domain.Main\Domain.Main.csproj", "{0CC9C1DD-6CB5-4391-9485-C27B93688E04}"
EndProject
Project("{9A19103F-16F7-4668-BE54-9A1E7A4F7556}") = "Application.Main", "Application.Main\Application.Main.csproj", "{DCDC8B12-51F3-4B17-A9F9-AF431B6C82E1}"
EndProject
Project("{9A19103F-16F7-4668-BE54-9A1E7A4F7556}") = "KIDO_WEB", "KIDO\KIDO_WEB.csproj", "{1259FAD5-815A-4751-8BFB-3CCF34FBBAE7}"
EndProject
Project("{2150E333-8FDC-42A3-9474-1A3956D46DE8}") = "1.2.1-API", "1.2.1-API", "{6121758F-F955-471A-B95E-8F4538DA6718}"
EndProject
Project("{FAE04EC0-301F-11D3-BF4B-00C04F79EFBC}") = "KIDO-API", "KIDO-API\KIDO-API.csproj", "{F328DE23-C6A6-44E4-966E-7E0FFFCC4F3F}"
EndProject
Global
	GlobalSection(SolutionConfigurationPlatforms) = preSolution
		Debug|Any CPU = Debug|Any CPU
		Release|Any CPU = Release|Any CPU
	EndGlobalSection
	GlobalSection(ProjectConfigurationPlatforms) = postSolution
		{D87E98F8-8BB6-4F5D-AED3-A41DBA22AAB1}.Debug|Any CPU.ActiveCfg = Debug|Any CPU
		{D87E98F8-8BB6-4F5D-AED3-A41DBA22AAB1}.Debug|Any CPU.Build.0 = Debug|Any CPU
		{D87E98F8-8BB6-4F5D-AED3-A41DBA22AAB1}.Release|Any CPU.ActiveCfg = Release|Any CPU
		{D87E98F8-8BB6-4F5D-AED3-A41DBA22AAB1}.Release|Any CPU.Build.0 = Release|Any CPU
		{0CC9C1DD-6CB5-4391-9485-C27B93688E04}.Debug|Any CPU.ActiveCfg = Debug|Any CPU
		{0CC9C1DD-6CB5-4391-9485-C27B93688E04}.Debug|Any CPU.Build.0 = Debug|Any CPU
		{0CC9C1DD-6CB5-4391-9485-C27B93688E04}.Release|Any CPU.ActiveCfg = Release|Any CPU
		{0CC9C1DD-6CB5-4391-9485-C27B93688E04}.Release|Any CPU.Build.0 = Release|Any CPU
		{DCDC8B12-51F3-4B17-A9F9-AF431B6C82E1}.Debug|Any CPU.ActiveCfg = Debug|Any CPU
		{DCDC8B12-51F3-4B17-A9F9-AF431B6C82E1}.Debug|Any CPU.Build.0 = Debug|Any CPU
		{DCDC8B12-51F3-4B17-A9F9-AF431B6C82E1}.Release|Any CPU.ActiveCfg = Release|Any CPU
		{DCDC8B12-51F3-4B17-A9F9-AF431B6C82E1}.Release|Any CPU.Build.0 = Release|Any CPU
		{1259FAD5-815A-4751-8BFB-3CCF34FBBAE7}.Debug|Any CPU.ActiveCfg = Debug|Any CPU
		{1259FAD5-815A-4751-8BFB-3CCF34FBBAE7}.Debug|Any CPU.Build.0 = Debug|Any CPU
		{1259FAD5-815A-4751-8BFB-3CCF34FBBAE7}.Release|Any CPU.ActiveCfg = Release|Any CPU
		{1259FAD5-815A-4751-8BFB-3CCF34FBBAE7}.Release|Any CPU.Build.0 = Release|Any CPU
		{F328DE23-C6A6-44E4-966E-7E0FFFCC4F3F}.Debug|Any CPU.ActiveCfg = Debug|Any CPU
		{F328DE23-C6A6-44E4-966E-7E0FFFCC4F3F}.Debug|Any CPU.Build.0 = Debug|Any CPU
		{F328DE23-C6A6-44E4-966E-7E0FFFCC4F3F}.Release|Any CPU.ActiveCfg = Release|Any CPU
		{F328DE23-C6A6-44E4-966E-7E0FFFCC4F3F}.Release|Any CPU.Build.0 = Release|Any CPU
	EndGlobalSection
	GlobalSection(SolutionProperties) = preSolution
		HideSolutionNode = FALSE
	EndGlobalSection
	GlobalSection(NestedProjects) = preSolution
		{DB6D2E1A-FC28-4A12-8855-8DDEB7CFAAAB} = {E7A522F5-E435-4A5E-8BD5-8E06938DFC64}
		{63D434F1-216F-4BF0-842F-5E8132D51133} = {E7A522F5-E435-4A5E-8BD5-8E06938DFC64}
		{9D76F4D7-2497-482D-BE31-B4C353F4681B} = {E7A522F5-E435-4A5E-8BD5-8E06938DFC64}
		{941FB170-20E2-4E7D-85AB-4228504E1ECB} = {E7A522F5-E435-4A5E-8BD5-8E06938DFC64}
		{BB07F59D-C23B-4031-9D13-609F4EF7CB40} = {E7A522F5-E435-4A5E-8BD5-8E06938DFC64}
		{40197613-D80F-4394-868A-D8AE4FEEFE78} = {9D76F4D7-2497-482D-BE31-B4C353F4681B}
		{CCFF674A-AE51-45EA-A0BB-DC0C20BCB25A} = {9D76F4D7-2497-482D-BE31-B4C353F4681B}
		{CC6B3D6A-6613-4845-AE4F-0B436380DC5A} = {941FB170-20E2-4E7D-85AB-4228504E1ECB}
		{723A7544-0ACC-4859-BA9A-CE4BF8732720} = {941FB170-20E2-4E7D-85AB-4228504E1ECB}
		{6FF3EECE-CE29-4CF9-B6DF-9F5AED08F1AB} = {BB07F59D-C23B-4031-9D13-609F4EF7CB40}
		{2EB73093-55AA-401B-8DB5-4CE1A8C1F002} = {BB07F59D-C23B-4031-9D13-609F4EF7CB40}
		{D87E98F8-8BB6-4F5D-AED3-A41DBA22AAB1} = {6FF3EECE-CE29-4CF9-B6DF-9F5AED08F1AB}
		{0CC9C1DD-6CB5-4391-9485-C27B93688E04} = {723A7544-0ACC-4859-BA9A-CE4BF8732720}
		{DCDC8B12-51F3-4B17-A9F9-AF431B6C82E1} = {CCFF674A-AE51-45EA-A0BB-DC0C20BCB25A}
		{1259FAD5-815A-4751-8BFB-3CCF34FBBAE7} = {DB6D2E1A-FC28-4A12-8855-8DDEB7CFAAAB}
		{6121758F-F955-471A-B95E-8F4538DA6718} = {63D434F1-216F-4BF0-842F-5E8132D51133}
		{F328DE23-C6A6-44E4-966E-7E0FFFCC4F3F} = {6121758F-F955-471A-B95E-8F4538DA6718}
	EndGlobalSection
	GlobalSection(ExtensibilityGlobals) = postSolution
		SolutionGuid = {B266299F-87B9-4865-BC77-2F900391E92A}
	EndGlobalSection
EndGlobal
